
Microsoft Visual Studio Solution File, Format Version 12.00
# Visual Studio Version 16
VisualStudioVersion = 16.0.29709.97
MinimumVisualStudioVersion = 10.0.40219.1
Project("{FAE04EC0-301F-11D3-BF4B-00C04F79EFBC}") = "BaseTuner.Android", "BaseTuner\BaseTuner.Android\BaseTuner.Android.csproj", "{F7B2B105-A8AA-4107-B1ED-8A60D6DC2F49}"
EndProject
Project("{FAE04EC0-301F-11D3-BF4B-00C04F79EFBC}") = "BaseTuner.iOS", "BaseTuner\BaseTuner.iOS\BaseTuner.iOS.csproj", "{C6474331-6127-46E8-9D7B-9692CB15F0B7}"
EndProject
Project("{FAE04EC0-301F-11D3-BF4B-00C04F79EFBC}") = "BaseTuner", "BaseTuner\BaseTuner\BaseTuner.csproj", "{95AD71F6-DEC4-4B7D-897D-B03D41FE094A}"
EndProject
Project("{FAE04EC0-301F-11D3-BF4B-00C04F79EFBC}") = "TunerLib", "TunerLib\TunerLib.csproj", "{A2B02D31-B56F-4071-8B36-5E01960F4644}"
EndProject
Global
	GlobalSection(SolutionConfigurationPlatforms) = preSolution
		Debug|Any CPU = Debug|Any CPU
		Debug|iPhone = Debug|iPhone
		Debug|iPhoneSimulator = Debug|iPhoneSimulator
		Release|Any CPU = Release|Any CPU
		Release|iPhone = Release|iPhone
		Release|iPhoneSimulator = Release|iPhoneSimulator
	EndGlobalSection
	GlobalSection(ProjectConfigurationPlatforms) = postSolution
		{F7B2B105-A8AA-4107-B1ED-8A60D6DC2F49}.Debug|Any CPU.ActiveCfg = Debug|Any CPU
		{F7B2B105-A8AA-4107-B1ED-8A60D6DC2F49}.Debug|Any CPU.Build.0 = Debug|Any CPU
		{F7B2B105-A8AA-4107-B1ED-8A60D6DC2F49}.Debug|Any CPU.Deploy.0 = Debug|Any CPU
		{F7B2B105-A8AA-4107-B1ED-8A60D6DC2F49}.Debug|iPhone.ActiveCfg = Debug|Any CPU
		{F7B2B105-A8AA-4107-B1ED-8A60D6DC2F49}.Debug|iPhone.Build.0 = Debug|Any CPU
		{F7B2B105-A8AA-4107-B1ED-8A60D6DC2F49}.Debug|iPhone.Deploy.0 = Debug|Any CPU
		{F7B2B105-A8AA-4107-B1ED-8A60D6DC2F49}.Debug|iPhoneSimulator.ActiveCfg = Debug|Any CPU
		{F7B2B105-A8AA-4107-B1ED-8A60D6DC2F49}.Debug|iPhoneSimulator.Build.0 = Debug|Any CPU
		{F7B2B105-A8AA-4107-B1ED-8A60D6DC2F49}.Debug|iPhoneSimulator.Deploy.0 = Debug|Any CPU
		{F7B2B105-A8AA-4107-B1ED-8A60D6DC2F49}.Release|Any CPU.ActiveCfg = Release|Any CPU
		{F7B2B105-A8AA-4107-B1ED-8A60D6DC2F49}.Release|Any CPU.Build.0 = Release|Any CPU
		{F7B2B105-A8AA-4107-B1ED-8A60D6DC2F49}.Release|Any CPU.Deploy.0 = Release|Any CPU
		{F7B2B105-A8AA-4107-B1ED-8A60D6DC2F49}.Release|iPhone.ActiveCfg = Release|Any CPU
		{F7B2B105-A8AA-4107-B1ED-8A60D6DC2F49}.Release|iPhone.Build.0 = Release|Any CPU
		{F7B2B105-A8AA-4107-B1ED-8A60D6DC2F49}.Release|iPhone.Deploy.0 = Release|Any CPU
		{F7B2B105-A8AA-4107-B1ED-8A60D6DC2F49}.Release|iPhoneSimulator.ActiveCfg = Release|Any CPU
		{F7B2B105-A8AA-4107-B1ED-8A60D6DC2F49}.Release|iPhoneSimulator.Build.0 = Release|Any CPU
		{F7B2B105-A8AA-4107-B1ED-8A60D6DC2F49}.Release|iPhoneSimulator.Deploy.0 = Release|Any CPU
		{C6474331-6127-46E8-9D7B-9692CB15F0B7}.Debug|Any CPU.ActiveCfg = Debug|iPhoneSimulator
		{C6474331-6127-46E8-9D7B-9692CB15F0B7}.Debug|Any CPU.Build.0 = Debug|iPhoneSimulator
		{C6474331-6127-46E8-9D7B-9692CB15F0B7}.Debug|Any CPU.Deploy.0 = Debug|iPhoneSimulator
		{C6474331-6127-46E8-9D7B-9692CB15F0B7}.Debug|iPhone.ActiveCfg = Debug|iPhone
		{C6474331-6127-46E8-9D7B-9692CB15F0B7}.Debug|iPhone.Build.0 = Debug|iPhone
		{C6474331-6127-46E8-9D7B-9692CB15F0B7}.Debug|iPhone.Deploy.0 = Debug|iPhone
		{C6474331-6127-46E8-9D7B-9692CB15F0B7}.Debug|iPhoneSimulator.ActiveCfg = Debug|iPhoneSimulator
		{C6474331-6127-46E8-9D7B-9692CB15F0B7}.Debug|iPhoneSimulator.Build.0 = Debug|iPhoneSimulator
		{C6474331-6127-46E8-9D7B-9692CB15F0B7}.Debug|iPhoneSimulator.Deploy.0 = Debug|iPhoneSimulator
		{C6474331-6127-46E8-9D7B-9692CB15F0B7}.Release|Any CPU.ActiveCfg = Release|iPhone
		{C6474331-6127-46E8-9D7B-9692CB15F0B7}.Release|Any CPU.Build.0 = Release|iPhone
		{C6474331-6127-46E8-9D7B-9692CB15F0B7}.Release|Any CPU.Deploy.0 = Release|iPhone
		{C6474331-6127-46E8-9D7B-9692CB15F0B7}.Release|iPhone.ActiveCfg = Release|iPhone
		{C6474331-6127-46E8-9D7B-9692CB15F0B7}.Release|iPhone.Build.0 = Release|iPhone
		{C6474331-6127-46E8-9D7B-9692CB15F0B7}.Release|iPhone.Deploy.0 = Release|iPhone
		{C6474331-6127-46E8-9D7B-9692CB15F0B7}.Release|iPhoneSimulator.ActiveCfg = Release|iPhoneSimulator
		{C6474331-6127-46E8-9D7B-9692CB15F0B7}.Release|iPhoneSimulator.Build.0 = Release|iPhoneSimulator
		{C6474331-6127-46E8-9D7B-9692CB15F0B7}.Release|iPhoneSimulator.Deploy.0 = Release|iPhoneSimulator
		{95AD71F6-DEC4-4B7D-897D-B03D41FE094A}.Debug|Any CPU.ActiveCfg = Debug|Any CPU
		{95AD71F6-DEC4-4B7D-897D-B03D41FE094A}.Debug|Any CPU.Build.0 = Debug|Any CPU
		{95AD71F6-DEC4-4B7D-897D-B03D41FE094A}.Debug|Any CPU.Deploy.0 = Debug|Any CPU
		{95AD71F6-DEC4-4B7D-897D-B03D41FE094A}.Debug|iPhone.ActiveCfg = Debug|Any CPU
		{95AD71F6-DEC4-4B7D-897D-B03D41FE094A}.Debug|iPhone.Build.0 = Debug|Any CPU
		{95AD71F6-DEC4-4B7D-897D-B03D41FE094A}.Debug|iPhone.Deploy.0 = Debug|Any CPU
		{95AD71F6-DEC4-4B7D-897D-B03D41FE094A}.Debug|iPhoneSimulator.ActiveCfg = Debug|Any CPU
		{95AD71F6-DEC4-4B7D-897D-B03D41FE094A}.Debug|iPhoneSimulator.Build.0 = Debug|Any CPU
		{95AD71F6-DEC4-4B7D-897D-B03D41FE094A}.Debug|iPhoneSimulator.Deploy.0 = Debug|Any CPU
		{95AD71F6-DEC4-4B7D-897D-B03D41FE094A}.Release|Any CPU.ActiveCfg = Release|Any CPU
		{95AD71F6-DEC4-4B7D-897D-B03D41FE094A}.Release|Any CPU.Build.0 = Release|Any CPU
		{95AD71F6-DEC4-4B7D-897D-B03D41FE094A}.Release|Any CPU.Deploy.0 = Release|Any CPU
		{95AD71F6-DEC4-4B7D-897D-B03D41FE094A}.Release|iPhone.ActiveCfg = Release|Any CPU
		{95AD71F6-DEC4-4B7D-897D-B03D41FE094A}.Release|iPhone.Build.0 = Release|Any CPU
		{95AD71F6-DEC4-4B7D-897D-B03D41FE094A}.Release|iPhone.Deploy.0 = Release|Any CPU
		{95AD71F6-DEC4-4B7D-897D-B03D41FE094A}.Release|iPhoneSimulator.ActiveCfg = Release|Any CPU
		{95AD71F6-DEC4-4B7D-897D-B03D41FE094A}.Release|iPhoneSimulator.Build.0 = Release|Any CPU
		{95AD71F6-DEC4-4B7D-897D-B03D41FE094A}.Release|iPhoneSimulator.Deploy.0 = Release|Any CPU
		{A2B02D31-B56F-4071-8B36-5E01960F4644}.Debug|Any CPU.ActiveCfg = Debug|Any CPU
		{A2B02D31-B56F-4071-8B36-5E01960F4644}.Debug|Any CPU.Build.0 = Debug|Any CPU
		{A2B02D31-B56F-4071-8B36-5E01960F4644}.Debug|iPhone.ActiveCfg = Debug|Any CPU
		{A2B02D31-B56F-4071-8B36-5E01960F4644}.Debug|iPhone.Build.0 = Debug|Any CPU
		{A2B02D31-B56F-4071-8B36-5E01960F4644}.Debug|iPhoneSimulator.ActiveCfg = Debug|Any CPU
		{A2B02D31-B56F-4071-8B36-5E01960F4644}.Debug|iPhoneSimulator.Build.0 = Debug|Any CPU
		{A2B02D31-B56F-4071-8B36-5E01960F4644}.Release|Any CPU.ActiveCfg = Release|Any CPU
		{A2B02D31-B56F-4071-8B36-5E01960F4644}.Release|Any CPU.Build.0 = Release|Any CPU
		{A2B02D31-B56F-4071-8B36-5E01960F4644}.Release|iPhone.ActiveCfg = Release|Any CPU
		{A2B02D31-B56F-4071-8B36-5E01960F4644}.Release|iPhone.Build.0 = Release|Any CPU
		{A2B02D31-B56F-4071-8B36-5E01960F4644}.Release|iPhoneSimulator.ActiveCfg = Release|Any CPU
		{A2B02D31-B56F-4071-8B36-5E01960F4644}.Release|iPhoneSimulator.Build.0 = Release|Any CPU
	EndGlobalSection
	GlobalSection(SolutionProperties) = preSolution
		HideSolutionNode = FALSE
	EndGlobalSection
	GlobalSection(ExtensibilityGlobals) = postSolution
		SolutionGuid = {2523CD7D-B2BF-4930-AEE7-69D44A9A7082}
	EndGlobalSection
EndGlobal
