
Microsoft Visual Studio Solution File, Format Version 12.00
# Visual Studio Version 16
VisualStudioVersion = 16.0.29728.190
MinimumVisualStudioVersion = 10.0.40219.1
Project("{FAE04EC0-301F-11D3-BF4B-00C04F79EFBC}") = "Paperboi.UWP", "Paperboi\Paperboi.UWP\Paperboi.UWP.csproj", "{D5699844-591E-422B-B824-49F1EBF06128}"
EndProject
Project("{FAE04EC0-301F-11D3-BF4B-00C04F79EFBC}") = "Paperboi.Android", "Paperboi\Paperboi.Android\Paperboi.Android.csproj", "{ACBF5A66-9E73-4935-A4C0-2D0ABEC8199D}"
EndProject
Project("{FAE04EC0-301F-11D3-BF4B-00C04F79EFBC}") = "Paperboi.iOS", "Paperboi\Paperboi.iOS\Paperboi.iOS.csproj", "{7FFBC186-E7F0-403C-BD64-42C692D849CD}"
EndProject
Project("{FAE04EC0-301F-11D3-BF4B-00C04F79EFBC}") = "Paperboi", "Paperboi\Paperboi\Paperboi.csproj", "{040FD602-21A6-4C14-97A4-5A1ED22AF9FF}"
EndProject
Global
	GlobalSection(SolutionConfigurationPlatforms) = preSolution
		Debug|Any CPU = Debug|Any CPU
		Debug|ARM = Debug|ARM
		Debug|iPhone = Debug|iPhone
		Debug|iPhoneSimulator = Debug|iPhoneSimulator
		Debug|x64 = Debug|x64
		Debug|x86 = Debug|x86
		Release|Any CPU = Release|Any CPU
		Release|ARM = Release|ARM
		Release|iPhone = Release|iPhone
		Release|iPhoneSimulator = Release|iPhoneSimulator
		Release|x64 = Release|x64
		Release|x86 = Release|x86
	EndGlobalSection
	GlobalSection(ProjectConfigurationPlatforms) = postSolution
		{D5699844-591E-422B-B824-49F1EBF06128}.Debug|Any CPU.ActiveCfg = Debug|x86
		{D5699844-591E-422B-B824-49F1EBF06128}.Debug|Any CPU.Build.0 = Debug|x86
		{D5699844-591E-422B-B824-49F1EBF06128}.Debug|Any CPU.Deploy.0 = Debug|x86
		{D5699844-591E-422B-B824-49F1EBF06128}.Debug|ARM.ActiveCfg = Debug|ARM
		{D5699844-591E-422B-B824-49F1EBF06128}.Debug|ARM.Build.0 = Debug|ARM
		{D5699844-591E-422B-B824-49F1EBF06128}.Debug|ARM.Deploy.0 = Debug|ARM
		{D5699844-591E-422B-B824-49F1EBF06128}.Debug|iPhone.ActiveCfg = Debug|x86
		{D5699844-591E-422B-B824-49F1EBF06128}.Debug|iPhone.Build.0 = Debug|x86
		{D5699844-591E-422B-B824-49F1EBF06128}.Debug|iPhone.Deploy.0 = Debug|x86
		{D5699844-591E-422B-B824-49F1EBF06128}.Debug|iPhoneSimulator.ActiveCfg = Debug|x86
		{D5699844-591E-422B-B824-49F1EBF06128}.Debug|iPhoneSimulator.Build.0 = Debug|x86
		{D5699844-591E-422B-B824-49F1EBF06128}.Debug|iPhoneSimulator.Deploy.0 = Debug|x86
		{D5699844-591E-422B-B824-49F1EBF06128}.Debug|x64.ActiveCfg = Debug|x64
		{D5699844-591E-422B-B824-49F1EBF06128}.Debug|x64.Build.0 = Debug|x64
		{D5699844-591E-422B-B824-49F1EBF06128}.Debug|x64.Deploy.0 = Debug|x64
		{D5699844-591E-422B-B824-49F1EBF06128}.Debug|x86.ActiveCfg = Debug|x86
		{D5699844-591E-422B-B824-49F1EBF06128}.Debug|x86.Build.0 = Debug|x86
		{D5699844-591E-422B-B824-49F1EBF06128}.Debug|x86.Deploy.0 = Debug|x86
		{D5699844-591E-422B-B824-49F1EBF06128}.Release|Any CPU.ActiveCfg = Release|x86
		{D5699844-591E-422B-B824-49F1EBF06128}.Release|Any CPU.Build.0 = Release|x86
		{D5699844-591E-422B-B824-49F1EBF06128}.Release|Any CPU.Deploy.0 = Release|x86
		{D5699844-591E-422B-B824-49F1EBF06128}.Release|ARM.ActiveCfg = Release|ARM
		{D5699844-591E-422B-B824-49F1EBF06128}.Release|ARM.Build.0 = Release|ARM
		{D5699844-591E-422B-B824-49F1EBF06128}.Release|ARM.Deploy.0 = Release|ARM
		{D5699844-591E-422B-B824-49F1EBF06128}.Release|iPhone.ActiveCfg = Release|x86
		{D5699844-591E-422B-B824-49F1EBF06128}.Release|iPhone.Build.0 = Release|x86
		{D5699844-591E-422B-B824-49F1EBF06128}.Release|iPhone.Deploy.0 = Release|x86
		{D5699844-591E-422B-B824-49F1EBF06128}.Release|iPhoneSimulator.ActiveCfg = Release|x86
		{D5699844-591E-422B-B824-49F1EBF06128}.Release|iPhoneSimulator.Build.0 = Release|x86
		{D5699844-591E-422B-B824-49F1EBF06128}.Release|iPhoneSimulator.Deploy.0 = Release|x86
		{D5699844-591E-422B-B824-49F1EBF06128}.Release|x64.ActiveCfg = Release|x64
		{D5699844-591E-422B-B824-49F1EBF06128}.Release|x64.Build.0 = Release|x64
		{D5699844-591E-422B-B824-49F1EBF06128}.Release|x64.Deploy.0 = Release|x64
		{D5699844-591E-422B-B824-49F1EBF06128}.Release|x86.ActiveCfg = Release|x86
		{D5699844-591E-422B-B824-49F1EBF06128}.Release|x86.Build.0 = Release|x86
		{D5699844-591E-422B-B824-49F1EBF06128}.Release|x86.Deploy.0 = Release|x86
		{ACBF5A66-9E73-4935-A4C0-2D0ABEC8199D}.Debug|Any CPU.ActiveCfg = Debug|Any CPU
		{ACBF5A66-9E73-4935-A4C0-2D0ABEC8199D}.Debug|Any CPU.Build.0 = Debug|Any CPU
		{ACBF5A66-9E73-4935-A4C0-2D0ABEC8199D}.Debug|Any CPU.Deploy.0 = Debug|Any CPU
		{ACBF5A66-9E73-4935-A4C0-2D0ABEC8199D}.Debug|ARM.ActiveCfg = Debug|Any CPU
		{ACBF5A66-9E73-4935-A4C0-2D0ABEC8199D}.Debug|ARM.Build.0 = Debug|Any CPU
		{ACBF5A66-9E73-4935-A4C0-2D0ABEC8199D}.Debug|ARM.Deploy.0 = Debug|Any CPU
		{ACBF5A66-9E73-4935-A4C0-2D0ABEC8199D}.Debug|iPhone.ActiveCfg = Debug|Any CPU
		{ACBF5A66-9E73-4935-A4C0-2D0ABEC8199D}.Debug|iPhone.Build.0 = Debug|Any CPU
		{ACBF5A66-9E73-4935-A4C0-2D0ABEC8199D}.Debug|iPhone.Deploy.0 = Debug|Any CPU
		{ACBF5A66-9E73-4935-A4C0-2D0ABEC8199D}.Debug|iPhoneSimulator.ActiveCfg = Debug|Any CPU
		{ACBF5A66-9E73-4935-A4C0-2D0ABEC8199D}.Debug|iPhoneSimulator.Build.0 = Debug|Any CPU
		{ACBF5A66-9E73-4935-A4C0-2D0ABEC8199D}.Debug|iPhoneSimulator.Deploy.0 = Debug|Any CPU
		{ACBF5A66-9E73-4935-A4C0-2D0ABEC8199D}.Debug|x64.ActiveCfg = Debug|Any CPU
		{ACBF5A66-9E73-4935-A4C0-2D0ABEC8199D}.Debug|x64.Build.0 = Debug|Any CPU
		{ACBF5A66-9E73-4935-A4C0-2D0ABEC8199D}.Debug|x64.Deploy.0 = Debug|Any CPU
		{ACBF5A66-9E73-4935-A4C0-2D0ABEC8199D}.Debug|x86.ActiveCfg = Debug|Any CPU
		{ACBF5A66-9E73-4935-A4C0-2D0ABEC8199D}.Debug|x86.Build.0 = Debug|Any CPU
		{ACBF5A66-9E73-4935-A4C0-2D0ABEC8199D}.Debug|x86.Deploy.0 = Debug|Any CPU
		{ACBF5A66-9E73-4935-A4C0-2D0ABEC8199D}.Release|Any CPU.ActiveCfg = Release|Any CPU
		{ACBF5A66-9E73-4935-A4C0-2D0ABEC8199D}.Release|Any CPU.Build.0 = Release|Any CPU
		{ACBF5A66-9E73-4935-A4C0-2D0ABEC8199D}.Release|Any CPU.Deploy.0 = Release|Any CPU
		{ACBF5A66-9E73-4935-A4C0-2D0ABEC8199D}.Release|ARM.ActiveCfg = Release|Any CPU
		{ACBF5A66-9E73-4935-A4C0-2D0ABEC8199D}.Release|ARM.Build.0 = Release|Any CPU
		{ACBF5A66-9E73-4935-A4C0-2D0ABEC8199D}.Release|ARM.Deploy.0 = Release|Any CPU
		{ACBF5A66-9E73-4935-A4C0-2D0ABEC8199D}.Release|iPhone.ActiveCfg = Release|Any CPU
		{ACBF5A66-9E73-4935-A4C0-2D0ABEC8199D}.Release|iPhone.Build.0 = Release|Any CPU
		{ACBF5A66-9E73-4935-A4C0-2D0ABEC8199D}.Release|iPhone.Deploy.0 = Release|Any CPU
		{ACBF5A66-9E73-4935-A4C0-2D0ABEC8199D}.Release|iPhoneSimulator.ActiveCfg = Release|Any CPU
		{ACBF5A66-9E73-4935-A4C0-2D0ABEC8199D}.Release|iPhoneSimulator.Build.0 = Release|Any CPU
		{ACBF5A66-9E73-4935-A4C0-2D0ABEC8199D}.Release|iPhoneSimulator.Deploy.0 = Release|Any CPU
		{ACBF5A66-9E73-4935-A4C0-2D0ABEC8199D}.Release|x64.ActiveCfg = Release|Any CPU
		{ACBF5A66-9E73-4935-A4C0-2D0ABEC8199D}.Release|x64.Build.0 = Release|Any CPU
		{ACBF5A66-9E73-4935-A4C0-2D0ABEC8199D}.Release|x64.Deploy.0 = Release|Any CPU
		{ACBF5A66-9E73-4935-A4C0-2D0ABEC8199D}.Release|x86.ActiveCfg = Release|Any CPU
		{ACBF5A66-9E73-4935-A4C0-2D0ABEC8199D}.Release|x86.Build.0 = Release|Any CPU
		{ACBF5A66-9E73-4935-A4C0-2D0ABEC8199D}.Release|x86.Deploy.0 = Release|Any CPU
		{7FFBC186-E7F0-403C-BD64-42C692D849CD}.Debug|Any CPU.ActiveCfg = Debug|iPhone
		{7FFBC186-E7F0-403C-BD64-42C692D849CD}.Debug|Any CPU.Build.0 = Debug|iPhone
		{7FFBC186-E7F0-403C-BD64-42C692D849CD}.Debug|Any CPU.Deploy.0 = Debug|iPhone
		{7FFBC186-E7F0-403C-BD64-42C692D849CD}.Debug|ARM.ActiveCfg = Debug|iPhoneSimulator
		{7FFBC186-E7F0-403C-BD64-42C692D849CD}.Debug|ARM.Build.0 = Debug|iPhoneSimulator
		{7FFBC186-E7F0-403C-BD64-42C692D849CD}.Debug|ARM.Deploy.0 = Debug|iPhoneSimulator
		{7FFBC186-E7F0-403C-BD64-42C692D849CD}.Debug|iPhone.ActiveCfg = Debug|iPhone
		{7FFBC186-E7F0-403C-BD64-42C692D849CD}.Debug|iPhone.Build.0 = Debug|iPhone
		{7FFBC186-E7F0-403C-BD64-42C692D849CD}.Debug|iPhone.Deploy.0 = Debug|iPhone
		{7FFBC186-E7F0-403C-BD64-42C692D849CD}.Debug|iPhoneSimulator.ActiveCfg = Debug|iPhoneSimulator
		{7FFBC186-E7F0-403C-BD64-42C692D849CD}.Debug|iPhoneSimulator.Build.0 = Debug|iPhoneSimulator
		{7FFBC186-E7F0-403C-BD64-42C692D849CD}.Debug|iPhoneSimulator.Deploy.0 = Debug|iPhoneSimulator
		{7FFBC186-E7F0-403C-BD64-42C692D849CD}.Debug|x64.ActiveCfg = Debug|iPhone
		{7FFBC186-E7F0-403C-BD64-42C692D849CD}.Debug|x64.Build.0 = Debug|iPhone
		{7FFBC186-E7F0-403C-BD64-42C692D849CD}.Debug|x64.Deploy.0 = Debug|iPhone
		{7FFBC186-E7F0-403C-BD64-42C692D849CD}.Debug|x86.ActiveCfg = Debug|iPhone
		{7FFBC186-E7F0-403C-BD64-42C692D849CD}.Debug|x86.Build.0 = Debug|iPhone
		{7FFBC186-E7F0-403C-BD64-42C692D849CD}.Debug|x86.Deploy.0 = Debug|iPhone
		{7FFBC186-E7F0-403C-BD64-42C692D849CD}.Release|Any CPU.ActiveCfg = Release|iPhone
		{7FFBC186-E7F0-403C-BD64-42C692D849CD}.Release|Any CPU.Build.0 = Release|iPhone
		{7FFBC186-E7F0-403C-BD64-42C692D849CD}.Release|Any CPU.Deploy.0 = Release|iPhone
		{7FFBC186-E7F0-403C-BD64-42C692D849CD}.Release|ARM.ActiveCfg = Release|iPhone
		{7FFBC186-E7F0-403C-BD64-42C692D849CD}.Release|ARM.Build.0 = Release|iPhone
		{7FFBC186-E7F0-403C-BD64-42C692D849CD}.Release|ARM.Deploy.0 = Release|iPhone
		{7FFBC186-E7F0-403C-BD64-42C692D849CD}.Release|iPhone.ActiveCfg = Release|iPhone
		{7FFBC186-E7F0-403C-BD64-42C692D849CD}.Release|iPhone.Build.0 = Release|iPhone
		{7FFBC186-E7F0-403C-BD64-42C692D849CD}.Release|iPhone.Deploy.0 = Release|iPhone
		{7FFBC186-E7F0-403C-BD64-42C692D849CD}.Release|iPhoneSimulator.ActiveCfg = Release|iPhoneSimulator
		{7FFBC186-E7F0-403C-BD64-42C692D849CD}.Release|iPhoneSimulator.Build.0 = Release|iPhoneSimulator
		{7FFBC186-E7F0-403C-BD64-42C692D849CD}.Release|iPhoneSimulator.Deploy.0 = Release|iPhoneSimulator
		{7FFBC186-E7F0-403C-BD64-42C692D849CD}.Release|x64.ActiveCfg = Release|iPhone
		{7FFBC186-E7F0-403C-BD64-42C692D849CD}.Release|x64.Build.0 = Release|iPhone
		{7FFBC186-E7F0-403C-BD64-42C692D849CD}.Release|x64.Deploy.0 = Release|iPhone
		{7FFBC186-E7F0-403C-BD64-42C692D849CD}.Release|x86.ActiveCfg = Release|iPhone
		{7FFBC186-E7F0-403C-BD64-42C692D849CD}.Release|x86.Build.0 = Release|iPhone
		{7FFBC186-E7F0-403C-BD64-42C692D849CD}.Release|x86.Deploy.0 = Release|iPhone
		{040FD602-21A6-4C14-97A4-5A1ED22AF9FF}.Debug|Any CPU.ActiveCfg = Debug|Any CPU
		{040FD602-21A6-4C14-97A4-5A1ED22AF9FF}.Debug|Any CPU.Build.0 = Debug|Any CPU
		{040FD602-21A6-4C14-97A4-5A1ED22AF9FF}.Debug|Any CPU.Deploy.0 = Debug|Any CPU
		{040FD602-21A6-4C14-97A4-5A1ED22AF9FF}.Debug|ARM.ActiveCfg = Debug|Any CPU
		{040FD602-21A6-4C14-97A4-5A1ED22AF9FF}.Debug|ARM.Build.0 = Debug|Any CPU
		{040FD602-21A6-4C14-97A4-5A1ED22AF9FF}.Debug|ARM.Deploy.0 = Debug|Any CPU
		{040FD602-21A6-4C14-97A4-5A1ED22AF9FF}.Debug|iPhone.ActiveCfg = Debug|Any CPU
		{040FD602-21A6-4C14-97A4-5A1ED22AF9FF}.Debug|iPhone.Build.0 = Debug|Any CPU
		{040FD602-21A6-4C14-97A4-5A1ED22AF9FF}.Debug|iPhone.Deploy.0 = Debug|Any CPU
		{040FD602-21A6-4C14-97A4-5A1ED22AF9FF}.Debug|iPhoneSimulator.ActiveCfg = Debug|Any CPU
		{040FD602-21A6-4C14-97A4-5A1ED22AF9FF}.Debug|iPhoneSimulator.Build.0 = Debug|Any CPU
		{040FD602-21A6-4C14-97A4-5A1ED22AF9FF}.Debug|iPhoneSimulator.Deploy.0 = Debug|Any CPU
		{040FD602-21A6-4C14-97A4-5A1ED22AF9FF}.Debug|x64.ActiveCfg = Debug|Any CPU
		{040FD602-21A6-4C14-97A4-5A1ED22AF9FF}.Debug|x64.Build.0 = Debug|Any CPU
		{040FD602-21A6-4C14-97A4-5A1ED22AF9FF}.Debug|x64.Deploy.0 = Debug|Any CPU
		{040FD602-21A6-4C14-97A4-5A1ED22AF9FF}.Debug|x86.ActiveCfg = Debug|Any CPU
		{040FD602-21A6-4C14-97A4-5A1ED22AF9FF}.Debug|x86.Build.0 = Debug|Any CPU
		{040FD602-21A6-4C14-97A4-5A1ED22AF9FF}.Debug|x86.Deploy.0 = Debug|Any CPU
		{040FD602-21A6-4C14-97A4-5A1ED22AF9FF}.Release|Any CPU.ActiveCfg = Release|Any CPU
		{040FD602-21A6-4C14-97A4-5A1ED22AF9FF}.Release|Any CPU.Build.0 = Release|Any CPU
		{040FD602-21A6-4C14-97A4-5A1ED22AF9FF}.Release|Any CPU.Deploy.0 = Release|Any CPU
		{040FD602-21A6-4C14-97A4-5A1ED22AF9FF}.Release|ARM.ActiveCfg = Release|Any CPU
		{040FD602-21A6-4C14-97A4-5A1ED22AF9FF}.Release|ARM.Build.0 = Release|Any CPU
		{040FD602-21A6-4C14-97A4-5A1ED22AF9FF}.Release|ARM.Deploy.0 = Release|Any CPU
		{040FD602-21A6-4C14-97A4-5A1ED22AF9FF}.Release|iPhone.ActiveCfg = Release|Any CPU
		{040FD602-21A6-4C14-97A4-5A1ED22AF9FF}.Release|iPhone.Build.0 = Release|Any CPU
		{040FD602-21A6-4C14-97A4-5A1ED22AF9FF}.Release|iPhone.Deploy.0 = Release|Any CPU
		{040FD602-21A6-4C14-97A4-5A1ED22AF9FF}.Release|iPhoneSimulator.ActiveCfg = Release|Any CPU
		{040FD602-21A6-4C14-97A4-5A1ED22AF9FF}.Release|iPhoneSimulator.Build.0 = Release|Any CPU
		{040FD602-21A6-4C14-97A4-5A1ED22AF9FF}.Release|iPhoneSimulator.Deploy.0 = Release|Any CPU
		{040FD602-21A6-4C14-97A4-5A1ED22AF9FF}.Release|x64.ActiveCfg = Release|Any CPU
		{040FD602-21A6-4C14-97A4-5A1ED22AF9FF}.Release|x64.Build.0 = Release|Any CPU
		{040FD602-21A6-4C14-97A4-5A1ED22AF9FF}.Release|x64.Deploy.0 = Release|Any CPU
		{040FD602-21A6-4C14-97A4-5A1ED22AF9FF}.Release|x86.ActiveCfg = Release|Any CPU
		{040FD602-21A6-4C14-97A4-5A1ED22AF9FF}.Release|x86.Build.0 = Release|Any CPU
		{040FD602-21A6-4C14-97A4-5A1ED22AF9FF}.Release|x86.Deploy.0 = Release|Any CPU
	EndGlobalSection
	GlobalSection(SolutionProperties) = preSolution
		HideSolutionNode = FALSE
	EndGlobalSection
	GlobalSection(ExtensibilityGlobals) = postSolution
		SolutionGuid = {6EC1067E-24E8-48B7-8B4D-2B79005FEB61}
	EndGlobalSection
EndGlobal
