
Microsoft Visual Studio Solution File, Format Version 12.00
# Visual Studio Version 16
VisualStudioVersion = 16.0.29709.97
MinimumVisualStudioVersion = 10.0.40219.1
Project("{9A19103F-16F7-4668-BE54-9A1E7A4F7556}") = "FirstLibrary", "FirstLibrary\FirstLibrary.csproj", "{321A33C9-FE85-4F7E-8A35-C1C90C8EAB6C}"
EndProject
Project("{FAE04EC0-301F-11D3-BF4B-00C04F79EFBC}") = "TrainingRooms", "TrainingRooms\TrainingRooms.csproj", "{158A3219-7D21-4D3A-BF4E-F854E9DE4BA5}"
EndProject
Project("{FAE04EC0-301F-11D3-BF4B-00C04F79EFBC}") = "TrainingRooms.UWP", "TrainingRooms.UWP\TrainingRooms.UWP.csproj", "{E26E67BF-7FD7-4C0A-929F-A76B8E18F562}"
EndProject
Global
	GlobalSection(SolutionConfigurationPlatforms) = preSolution
		Debug|Any CPU = Debug|Any CPU
		Debug|ARM = Debug|ARM
		Debug|ARM64 = Debug|ARM64
		Debug|x64 = Debug|x64
		Debug|x86 = Debug|x86
		Release|Any CPU = Release|Any CPU
		Release|ARM = Release|ARM
		Release|ARM64 = Release|ARM64
		Release|x64 = Release|x64
		Release|x86 = Release|x86
	EndGlobalSection
	GlobalSection(ProjectConfigurationPlatforms) = postSolution
		{321A33C9-FE85-4F7E-8A35-C1C90C8EAB6C}.Debug|Any CPU.ActiveCfg = Debug|Any CPU
		{321A33C9-FE85-4F7E-8A35-C1C90C8EAB6C}.Debug|Any CPU.Build.0 = Debug|Any CPU
		{321A33C9-FE85-4F7E-8A35-C1C90C8EAB6C}.Debug|ARM.ActiveCfg = Debug|Any CPU
		{321A33C9-FE85-4F7E-8A35-C1C90C8EAB6C}.Debug|ARM.Build.0 = Debug|Any CPU
		{321A33C9-FE85-4F7E-8A35-C1C90C8EAB6C}.Debug|ARM64.ActiveCfg = Debug|Any CPU
		{321A33C9-FE85-4F7E-8A35-C1C90C8EAB6C}.Debug|ARM64.Build.0 = Debug|Any CPU
		{321A33C9-FE85-4F7E-8A35-C1C90C8EAB6C}.Debug|x64.ActiveCfg = Debug|Any CPU
		{321A33C9-FE85-4F7E-8A35-C1C90C8EAB6C}.Debug|x64.Build.0 = Debug|Any CPU
		{321A33C9-FE85-4F7E-8A35-C1C90C8EAB6C}.Debug|x86.ActiveCfg = Debug|Any CPU
		{321A33C9-FE85-4F7E-8A35-C1C90C8EAB6C}.Debug|x86.Build.0 = Debug|Any CPU
		{321A33C9-FE85-4F7E-8A35-C1C90C8EAB6C}.Release|Any CPU.ActiveCfg = Release|Any CPU
		{321A33C9-FE85-4F7E-8A35-C1C90C8EAB6C}.Release|Any CPU.Build.0 = Release|Any CPU
		{321A33C9-FE85-4F7E-8A35-C1C90C8EAB6C}.Release|ARM.ActiveCfg = Release|Any CPU
		{321A33C9-FE85-4F7E-8A35-C1C90C8EAB6C}.Release|ARM.Build.0 = Release|Any CPU
		{321A33C9-FE85-4F7E-8A35-C1C90C8EAB6C}.Release|ARM64.ActiveCfg = Release|Any CPU
		{321A33C9-FE85-4F7E-8A35-C1C90C8EAB6C}.Release|ARM64.Build.0 = Release|Any CPU
		{321A33C9-FE85-4F7E-8A35-C1C90C8EAB6C}.Release|x64.ActiveCfg = Release|Any CPU
		{321A33C9-FE85-4F7E-8A35-C1C90C8EAB6C}.Release|x64.Build.0 = Release|Any CPU
		{321A33C9-FE85-4F7E-8A35-C1C90C8EAB6C}.Release|x86.ActiveCfg = Release|Any CPU
		{321A33C9-FE85-4F7E-8A35-C1C90C8EAB6C}.Release|x86.Build.0 = Release|Any CPU
		{158A3219-7D21-4D3A-BF4E-F854E9DE4BA5}.Debug|Any CPU.ActiveCfg = Debug|Any CPU
		{158A3219-7D21-4D3A-BF4E-F854E9DE4BA5}.Debug|Any CPU.Build.0 = Debug|Any CPU
		{158A3219-7D21-4D3A-BF4E-F854E9DE4BA5}.Debug|Any CPU.Deploy.0 = Debug|Any CPU
		{158A3219-7D21-4D3A-BF4E-F854E9DE4BA5}.Debug|ARM.ActiveCfg = Debug|Any CPU
		{158A3219-7D21-4D3A-BF4E-F854E9DE4BA5}.Debug|ARM.Build.0 = Debug|Any CPU
		{158A3219-7D21-4D3A-BF4E-F854E9DE4BA5}.Debug|ARM.Deploy.0 = Debug|Any CPU
		{158A3219-7D21-4D3A-BF4E-F854E9DE4BA5}.Debug|ARM64.ActiveCfg = Debug|Any CPU
		{158A3219-7D21-4D3A-BF4E-F854E9DE4BA5}.Debug|ARM64.Build.0 = Debug|Any CPU
		{158A3219-7D21-4D3A-BF4E-F854E9DE4BA5}.Debug|ARM64.Deploy.0 = Debug|Any CPU
		{158A3219-7D21-4D3A-BF4E-F854E9DE4BA5}.Debug|x64.ActiveCfg = Debug|Any CPU
		{158A3219-7D21-4D3A-BF4E-F854E9DE4BA5}.Debug|x64.Build.0 = Debug|Any CPU
		{158A3219-7D21-4D3A-BF4E-F854E9DE4BA5}.Debug|x64.Deploy.0 = Debug|Any CPU
		{158A3219-7D21-4D3A-BF4E-F854E9DE4BA5}.Debug|x86.ActiveCfg = Debug|Any CPU
		{158A3219-7D21-4D3A-BF4E-F854E9DE4BA5}.Debug|x86.Build.0 = Debug|Any CPU
		{158A3219-7D21-4D3A-BF4E-F854E9DE4BA5}.Debug|x86.Deploy.0 = Debug|Any CPU
		{158A3219-7D21-4D3A-BF4E-F854E9DE4BA5}.Release|Any CPU.ActiveCfg = Release|Any CPU
		{158A3219-7D21-4D3A-BF4E-F854E9DE4BA5}.Release|Any CPU.Build.0 = Release|Any CPU
		{158A3219-7D21-4D3A-BF4E-F854E9DE4BA5}.Release|Any CPU.Deploy.0 = Release|Any CPU
		{158A3219-7D21-4D3A-BF4E-F854E9DE4BA5}.Release|ARM.ActiveCfg = Release|Any CPU
		{158A3219-7D21-4D3A-BF4E-F854E9DE4BA5}.Release|ARM.Build.0 = Release|Any CPU
		{158A3219-7D21-4D3A-BF4E-F854E9DE4BA5}.Release|ARM.Deploy.0 = Release|Any CPU
		{158A3219-7D21-4D3A-BF4E-F854E9DE4BA5}.Release|ARM64.ActiveCfg = Release|Any CPU
		{158A3219-7D21-4D3A-BF4E-F854E9DE4BA5}.Release|ARM64.Build.0 = Release|Any CPU
		{158A3219-7D21-4D3A-BF4E-F854E9DE4BA5}.Release|ARM64.Deploy.0 = Release|Any CPU
		{158A3219-7D21-4D3A-BF4E-F854E9DE4BA5}.Release|x64.ActiveCfg = Release|Any CPU
		{158A3219-7D21-4D3A-BF4E-F854E9DE4BA5}.Release|x64.Build.0 = Release|Any CPU
		{158A3219-7D21-4D3A-BF4E-F854E9DE4BA5}.Release|x64.Deploy.0 = Release|Any CPU
		{158A3219-7D21-4D3A-BF4E-F854E9DE4BA5}.Release|x86.ActiveCfg = Release|Any CPU
		{158A3219-7D21-4D3A-BF4E-F854E9DE4BA5}.Release|x86.Build.0 = Release|Any CPU
		{158A3219-7D21-4D3A-BF4E-F854E9DE4BA5}.Release|x86.Deploy.0 = Release|Any CPU
		{E26E67BF-7FD7-4C0A-929F-A76B8E18F562}.Debug|Any CPU.ActiveCfg = Debug|x86
		{E26E67BF-7FD7-4C0A-929F-A76B8E18F562}.Debug|ARM.ActiveCfg = Debug|ARM
		{E26E67BF-7FD7-4C0A-929F-A76B8E18F562}.Debug|ARM.Build.0 = Debug|ARM
		{E26E67BF-7FD7-4C0A-929F-A76B8E18F562}.Debug|ARM.Deploy.0 = Debug|ARM
		{E26E67BF-7FD7-4C0A-929F-A76B8E18F562}.Debug|ARM64.ActiveCfg = Debug|ARM64
		{E26E67BF-7FD7-4C0A-929F-A76B8E18F562}.Debug|ARM64.Build.0 = Debug|ARM64
		{E26E67BF-7FD7-4C0A-929F-A76B8E18F562}.Debug|ARM64.Deploy.0 = Debug|ARM64
		{E26E67BF-7FD7-4C0A-929F-A76B8E18F562}.Debug|x64.ActiveCfg = Debug|x64
		{E26E67BF-7FD7-4C0A-929F-A76B8E18F562}.Debug|x64.Build.0 = Debug|x64
		{E26E67BF-7FD7-4C0A-929F-A76B8E18F562}.Debug|x64.Deploy.0 = Debug|x64
		{E26E67BF-7FD7-4C0A-929F-A76B8E18F562}.Debug|x86.ActiveCfg = Debug|x86
		{E26E67BF-7FD7-4C0A-929F-A76B8E18F562}.Debug|x86.Build.0 = Debug|x86
		{E26E67BF-7FD7-4C0A-929F-A76B8E18F562}.Debug|x86.Deploy.0 = Debug|x86
		{E26E67BF-7FD7-4C0A-929F-A76B8E18F562}.Release|Any CPU.ActiveCfg = Release|x86
		{E26E67BF-7FD7-4C0A-929F-A76B8E18F562}.Release|ARM.ActiveCfg = Release|ARM
		{E26E67BF-7FD7-4C0A-929F-A76B8E18F562}.Release|ARM.Build.0 = Release|ARM
		{E26E67BF-7FD7-4C0A-929F-A76B8E18F562}.Release|ARM.Deploy.0 = Release|ARM
		{E26E67BF-7FD7-4C0A-929F-A76B8E18F562}.Release|ARM64.ActiveCfg = Release|ARM64
		{E26E67BF-7FD7-4C0A-929F-A76B8E18F562}.Release|ARM64.Build.0 = Release|ARM64
		{E26E67BF-7FD7-4C0A-929F-A76B8E18F562}.Release|ARM64.Deploy.0 = Release|ARM64
		{E26E67BF-7FD7-4C0A-929F-A76B8E18F562}.Release|x64.ActiveCfg = Release|x64
		{E26E67BF-7FD7-4C0A-929F-A76B8E18F562}.Release|x64.Build.0 = Release|x64
		{E26E67BF-7FD7-4C0A-929F-A76B8E18F562}.Release|x64.Deploy.0 = Release|x64
		{E26E67BF-7FD7-4C0A-929F-A76B8E18F562}.Release|x86.ActiveCfg = Release|x86
		{E26E67BF-7FD7-4C0A-929F-A76B8E18F562}.Release|x86.Build.0 = Release|x86
		{E26E67BF-7FD7-4C0A-929F-A76B8E18F562}.Release|x86.Deploy.0 = Release|x86
	EndGlobalSection
	GlobalSection(SolutionProperties) = preSolution
		HideSolutionNode = FALSE
	EndGlobalSection
	GlobalSection(ExtensibilityGlobals) = postSolution
		SolutionGuid = {3658AB3A-79F7-4AEC-B4C3-4B1D3FF15482}
	EndGlobalSection
EndGlobal
